
Microsoft Visual Studio Solution File, Format Version 12.00
# Visual Studio 14
VisualStudioVersion = 14.0.24720.0
MinimumVisualStudioVersion = 10.0.40219.1
Project("{888888A0-9F3D-457C-B088-3A5042F75D52}") = "HelloWorld", "HelloWorld\HelloWorld.pyproj", "{C4EF83C5-5F5A-41CC-A494-FBAC752FEA96}"
EndProject
Project("{888888A0-9F3D-457C-B088-3A5042F75D52}") = "DateTime", "DateTime\DateTime.pyproj", "{5217C6BC-C257-49B0-94D3-2479A0475610}"
EndProject
Global
	GlobalSection(SolutionConfigurationPlatforms) = preSolution
		Debug|Any CPU = Debug|Any CPU
		Release|Any CPU = Release|Any CPU
	EndGlobalSection
	GlobalSection(ProjectConfigurationPlatforms) = postSolution
		{C4EF83C5-5F5A-41CC-A494-FBAC752FEA96}.Debug|Any CPU.ActiveCfg = Debug|Any CPU
		{C4EF83C5-5F5A-41CC-A494-FBAC752FEA96}.Release|Any CPU.ActiveCfg = Release|Any CPU
		{5217C6BC-C257-49B0-94D3-2479A0475610}.Debug|Any CPU.ActiveCfg = Debug|Any CPU
		{5217C6BC-C257-49B0-94D3-2479A0475610}.Release|Any CPU.ActiveCfg = Release|Any CPU
	EndGlobalSection
	GlobalSection(SolutionProperties) = preSolution
		HideSolutionNode = FALSE
	EndGlobalSection
EndGlobal
